
Microsoft Visual Studio Solution File, Format Version 12.00
# Visual Studio Version 17
VisualStudioVersion = 17.9.34616.47
MinimumVisualStudioVersion = 10.0.40219.1
Project("{FAE04EC0-301F-11D3-BF4B-00C04F79EFBC}") = "Lab6_Task_1", "Lab6_Task_1\Lab6_Task_1.csproj", "{21FA6DD5-EF17-4F43-8D46-289DB1A7C21F}"
EndProject
Global
	GlobalSection(SolutionConfigurationPlatforms) = preSolution
		Debug|Any CPU = Debug|Any CPU
		Release|Any CPU = Release|Any CPU
	EndGlobalSection
	GlobalSection(ProjectConfigurationPlatforms) = postSolution
		{21FA6DD5-EF17-4F43-8D46-289DB1A7C21F}.Debug|Any CPU.ActiveCfg = Debug|Any CPU
		{21FA6DD5-EF17-4F43-8D46-289DB1A7C21F}.Debug|Any CPU.Build.0 = Debug|Any CPU
		{21FA6DD5-EF17-4F43-8D46-289DB1A7C21F}.Release|Any CPU.ActiveCfg = Release|Any CPU
		{21FA6DD5-EF17-4F43-8D46-289DB1A7C21F}.Release|Any CPU.Build.0 = Release|Any CPU
	EndGlobalSection
	GlobalSection(SolutionProperties) = preSolution
		HideSolutionNode = FALSE
	EndGlobalSection
	GlobalSection(ExtensibilityGlobals) = postSolution
		SolutionGuid = {090C293C-5CCE-4C59-BFF1-CCD3996D5E77}
	EndGlobalSection
EndGlobal
