
Microsoft Visual Studio Solution File, Format Version 12.00
# Visual Studio Version 17
VisualStudioVersion = 17.9.34616.47
MinimumVisualStudioVersion = 10.0.40219.1
Project("{FAE04EC0-301F-11D3-BF4B-00C04F79EFBC}") = "Lab3_task1", "Lab3_task1\Lab3_task1.csproj", "{63C122F7-3DFD-4784-BC18-61E350B794A6}"
EndProject
Global
	GlobalSection(SolutionConfigurationPlatforms) = preSolution
		Debug|Any CPU = Debug|Any CPU
		Release|Any CPU = Release|Any CPU
	EndGlobalSection
	GlobalSection(ProjectConfigurationPlatforms) = postSolution
		{63C122F7-3DFD-4784-BC18-61E350B794A6}.Debug|Any CPU.ActiveCfg = Debug|Any CPU
		{63C122F7-3DFD-4784-BC18-61E350B794A6}.Debug|Any CPU.Build.0 = Debug|Any CPU
		{63C122F7-3DFD-4784-BC18-61E350B794A6}.Release|Any CPU.ActiveCfg = Release|Any CPU
		{63C122F7-3DFD-4784-BC18-61E350B794A6}.Release|Any CPU.Build.0 = Release|Any CPU
	EndGlobalSection
	GlobalSection(SolutionProperties) = preSolution
		HideSolutionNode = FALSE
	EndGlobalSection
	GlobalSection(ExtensibilityGlobals) = postSolution
		SolutionGuid = {6D0DC2EB-299A-43FA-9B0A-3C0A1157BC3E}
	EndGlobalSection
EndGlobal
